// !$*UTF8*$!
{
	archiveVersion = 1;
	classes = {
	};
	objectVersion = 51;
	objects = {

/* Begin PBXBuildFile section */
		18A93F5524AB1896008DD84F /* AppDelegate.swift in Sources */ = {isa = PBXBuildFile; fileRef = 18A93F5424AB1896008DD84F /* AppDelegate.swift */; };
		18A93F5724AB1896008DD84F /* SceneDelegate.swift in Sources */ = {isa = PBXBuildFile; fileRef = 18A93F5624AB1896008DD84F /* SceneDelegate.swift */; };
		18A93F5924AB1896008DD84F /* ViewController.swift in Sources */ = {isa = PBXBuildFile; fileRef = 18A93F5824AB1896008DD84F /* ViewController.swift */; };
		18A93F5C24AB1897008DD84F /* Main.storyboard in Resources */ = {isa = PBXBuildFile; fileRef = 18A93F5A24AB1897008DD84F /* Main.storyboard */; };
		18A93F5E24AB18BD008DD84F /* Assets.xcassets in Resources */ = {isa = PBXBuildFile; fileRef = 18A93F5D24AB18BD008DD84F /* Assets.xcassets */; };
		18A93F6124AB18BD008DD84F /* LaunchScreen.storyboard in Resources */ = {isa = PBXBuildFile; fileRef = 18A93F5F24AB18BD008DD84F /* LaunchScreen.storyboard */; };
		18A93F6C24AB18BE008DD84F /* Project_ConceptTests.swift in Sources */ = {isa = PBXBuildFile; fileRef = 18A93F6B24AB18BE008DD84F /* Project_ConceptTests.swift */; };
		18A93F7724AB18BE008DD84F /* Project_ConceptUITests.swift in Sources */ = {isa = PBXBuildFile; fileRef = 18A93F7624AB18BE008DD84F /* Project_ConceptUITests.swift */; };
		18A93F9124AB3AC5008DD84F /* AppManager.swift in Sources */ = {isa = PBXBuildFile; fileRef = 18A93F9024AB3AC5008DD84F /* AppManager.swift */; };
		18A93F9324AB3AED008DD84F /* Constant.swift in Sources */ = {isa = PBXBuildFile; fileRef = 18A93F9224AB3AED008DD84F /* Constant.swift */; };
		18A93F9624AB3B9C008DD84F /* LoaderExtension.swift in Sources */ = {isa = PBXBuildFile; fileRef = 18A93F9524AB3B9C008DD84F /* LoaderExtension.swift */; };
		18A93F9824AB3D4F008DD84F /* UserContent.swift in Sources */ = {isa = PBXBuildFile; fileRef = 18A93F9724AB3D4F008DD84F /* UserContent.swift */; };
		18A93F9B24AB3F16008DD84F /* BaseViewController.swift in Sources */ = {isa = PBXBuildFile; fileRef = 18A93F9A24AB3F16008DD84F /* BaseViewController.swift */; };
		18A93FA624AB5227008DD84F /* UserContentViewController.swift in Sources */ = {isa = PBXBuildFile; fileRef = 18A93FA524AB5227008DD84F /* UserContentViewController.swift */; };
		18A93FA924AB5F47008DD84F /* UserContentViewModel.swift in Sources */ = {isa = PBXBuildFile; fileRef = 18A93FA824AB5F47008DD84F /* UserContentViewModel.swift */; };
		18A93FAC24AB5FA4008DD84F /* Observable.swift in Sources */ = {isa = PBXBuildFile; fileRef = 18A93FAB24AB5FA4008DD84F /* Observable.swift */; };
		18A93FAE24AB600B008DD84F /* CellViewModel.swift in Sources */ = {isa = PBXBuildFile; fileRef = 18A93FAD24AB600B008DD84F /* CellViewModel.swift */; };
		18A93FB024AB6076008DD84F /* UserContentListTableViewCell.swift in Sources */ = {isa = PBXBuildFile; fileRef = 18A93FAF24AB6076008DD84F /* UserContentListTableViewCell.swift */; };
		2A0A3135837D20443E4E6B8A /* Pods_Project_ConceptTests.framework in Frameworks */ = {isa = PBXBuildFile; fileRef = AD69B765227C9C5BAC38BC41 /* Pods_Project_ConceptTests.framework */; };
		C5BFDFE6D9B9EB985813B6E4 /* Pods_Project_Concept.framework in Frameworks */ = {isa = PBXBuildFile; fileRef = 4F23B12E5077D1EEB98F7013 /* Pods_Project_Concept.framework */; };
/* End PBXBuildFile section */

/* Begin PBXContainerItemProxy section */
		18A93F6824AB18BE008DD84F /* PBXContainerItemProxy */ = {
			isa = PBXContainerItemProxy;
			containerPortal = 18A93F4924AB1896008DD84F /* Project object */;
			proxyType = 1;
			remoteGlobalIDString = 18A93F5024AB1896008DD84F;
			remoteInfo = Project_Concept;
		};
		18A93F7324AB18BE008DD84F /* PBXContainerItemProxy */ = {
			isa = PBXContainerItemProxy;
			containerPortal = 18A93F4924AB1896008DD84F /* Project object */;
			proxyType = 1;
			remoteGlobalIDString = 18A93F5024AB1896008DD84F;
			remoteInfo = Project_Concept;
		};
/* End PBXContainerItemProxy section */

/* Begin PBXFileReference section */
		04A7A9A184D5B942A49698EF /* Pods-Project_ConceptTests.debug.xcconfig */ = {isa = PBXFileReference; includeInIndex = 1; lastKnownFileType = text.xcconfig; name = "Pods-Project_ConceptTests.debug.xcconfig"; path = "Target Support Files/Pods-Project_ConceptTests/Pods-Project_ConceptTests.debug.xcconfig"; sourceTree = "<group>"; };
		18A93F5124AB1896008DD84F /* Project_Concept.app */ = {isa = PBXFileReference; explicitFileType = wrapper.application; includeInIndex = 0; path = Project_Concept.app; sourceTree = BUILT_PRODUCTS_DIR; };
		18A93F5424AB1896008DD84F /* AppDelegate.swift */ = {isa = PBXFileReference; lastKnownFileType = sourcecode.swift; path = AppDelegate.swift; sourceTree = "<group>"; };
		18A93F5624AB1896008DD84F /* SceneDelegate.swift */ = {isa = PBXFileReference; lastKnownFileType = sourcecode.swift; path = SceneDelegate.swift; sourceTree = "<group>"; };
		18A93F5824AB1896008DD84F /* ViewController.swift */ = {isa = PBXFileReference; lastKnownFileType = sourcecode.swift; path = ViewController.swift; sourceTree = "<group>"; };
		18A93F5B24AB1897008DD84F /* Base */ = {isa = PBXFileReference; lastKnownFileType = file.storyboard; name = Base; path = Base.lproj/Main.storyboard; sourceTree = "<group>"; };
		18A93F5D24AB18BD008DD84F /* Assets.xcassets */ = {isa = PBXFileReference; lastKnownFileType = folder.assetcatalog; path = Assets.xcassets; sourceTree = "<group>"; };
		18A93F6024AB18BD008DD84F /* Base */ = {isa = PBXFileReference; lastKnownFileType = file.storyboard; name = Base; path = Base.lproj/LaunchScreen.storyboard; sourceTree = "<group>"; };
		18A93F6224AB18BD008DD84F /* Info.plist */ = {isa = PBXFileReference; lastKnownFileType = text.plist.xml; path = Info.plist; sourceTree = "<group>"; };
		18A93F6724AB18BE008DD84F /* Project_ConceptTests.xctest */ = {isa = PBXFileReference; explicitFileType = wrapper.cfbundle; includeInIndex = 0; path = Project_ConceptTests.xctest; sourceTree = BUILT_PRODUCTS_DIR; };
		18A93F6B24AB18BE008DD84F /* Project_ConceptTests.swift */ = {isa = PBXFileReference; lastKnownFileType = sourcecode.swift; path = Project_ConceptTests.swift; sourceTree = "<group>"; };
		18A93F6D24AB18BE008DD84F /* Info.plist */ = {isa = PBXFileReference; lastKnownFileType = text.plist.xml; path = Info.plist; sourceTree = "<group>"; };
		18A93F7224AB18BE008DD84F /* Project_ConceptUITests.xctest */ = {isa = PBXFileReference; explicitFileType = wrapper.cfbundle; includeInIndex = 0; path = Project_ConceptUITests.xctest; sourceTree = BUILT_PRODUCTS_DIR; };
		18A93F7624AB18BE008DD84F /* Project_ConceptUITests.swift */ = {isa = PBXFileReference; lastKnownFileType = sourcecode.swift; path = Project_ConceptUITests.swift; sourceTree = "<group>"; };
		18A93F7824AB18BE008DD84F /* Info.plist */ = {isa = PBXFileReference; lastKnownFileType = text.plist.xml; path = Info.plist; sourceTree = "<group>"; };
		18A93F9024AB3AC5008DD84F /* AppManager.swift */ = {isa = PBXFileReference; lastKnownFileType = sourcecode.swift; path = AppManager.swift; sourceTree = "<group>"; };
		18A93F9224AB3AED008DD84F /* Constant.swift */ = {isa = PBXFileReference; lastKnownFileType = sourcecode.swift; path = Constant.swift; sourceTree = "<group>"; };
		18A93F9524AB3B9C008DD84F /* LoaderExtension.swift */ = {isa = PBXFileReference; lastKnownFileType = sourcecode.swift; path = LoaderExtension.swift; sourceTree = "<group>"; };
		18A93F9724AB3D4F008DD84F /* UserContent.swift */ = {isa = PBXFileReference; lastKnownFileType = sourcecode.swift; path = UserContent.swift; sourceTree = "<group>"; };
		18A93F9A24AB3F16008DD84F /* BaseViewController.swift */ = {isa = PBXFileReference; lastKnownFileType = sourcecode.swift; path = BaseViewController.swift; sourceTree = "<group>"; };
		18A93FA524AB5227008DD84F /* UserContentViewController.swift */ = {isa = PBXFileReference; lastKnownFileType = sourcecode.swift; path = UserContentViewController.swift; sourceTree = "<group>"; };
		18A93FA824AB5F47008DD84F /* UserContentViewModel.swift */ = {isa = PBXFileReference; lastKnownFileType = sourcecode.swift; path = UserContentViewModel.swift; sourceTree = "<group>"; };
		18A93FAB24AB5FA4008DD84F /* Observable.swift */ = {isa = PBXFileReference; lastKnownFileType = sourcecode.swift; path = Observable.swift; sourceTree = "<group>"; };
		18A93FAD24AB600B008DD84F /* CellViewModel.swift */ = {isa = PBXFileReference; lastKnownFileType = sourcecode.swift; path = CellViewModel.swift; sourceTree = "<group>"; };
		18A93FAF24AB6076008DD84F /* UserContentListTableViewCell.swift */ = {isa = PBXFileReference; lastKnownFileType = sourcecode.swift; path = UserContentListTableViewCell.swift; sourceTree = "<group>"; };
		4F23B12E5077D1EEB98F7013 /* Pods_Project_Concept.framework */ = {isa = PBXFileReference; explicitFileType = wrapper.framework; includeInIndex = 0; path = Pods_Project_Concept.framework; sourceTree = BUILT_PRODUCTS_DIR; };
		5A023C50FFD6D5458666BEF9 /* Pods-Project_Concept.release.xcconfig */ = {isa = PBXFileReference; includeInIndex = 1; lastKnownFileType = text.xcconfig; name = "Pods-Project_Concept.release.xcconfig"; path = "Target Support Files/Pods-Project_Concept/Pods-Project_Concept.release.xcconfig"; sourceTree = "<group>"; };
		A027490E01F95E28D0B336DB /* Pods-Project_ConceptTests.release.xcconfig */ = {isa = PBXFileReference; includeInIndex = 1; lastKnownFileType = text.xcconfig; name = "Pods-Project_ConceptTests.release.xcconfig"; path = "Target Support Files/Pods-Project_ConceptTests/Pods-Project_ConceptTests.release.xcconfig"; sourceTree = "<group>"; };
		AD69B765227C9C5BAC38BC41 /* Pods_Project_ConceptTests.framework */ = {isa = PBXFileReference; explicitFileType = wrapper.framework; includeInIndex = 0; path = Pods_Project_ConceptTests.framework; sourceTree = BUILT_PRODUCTS_DIR; };
		D62CCAB8ABB0C2CEFA3F6D7E /* Pods-Project_Concept.debug.xcconfig */ = {isa = PBXFileReference; includeInIndex = 1; lastKnownFileType = text.xcconfig; name = "Pods-Project_Concept.debug.xcconfig"; path = "Target Support Files/Pods-Project_Concept/Pods-Project_Concept.debug.xcconfig"; sourceTree = "<group>"; };
/* End PBXFileReference section */

/* Begin PBXFrameworksBuildPhase section */
		18A93F4E24AB1896008DD84F /* Frameworks */ = {
			isa = PBXFrameworksBuildPhase;
			buildActionMask = 2147483647;
			files = (
				C5BFDFE6D9B9EB985813B6E4 /* Pods_Project_Concept.framework in Frameworks */,
			);
			runOnlyForDeploymentPostprocessing = 0;
		};
		18A93F6424AB18BE008DD84F /* Frameworks */ = {
			isa = PBXFrameworksBuildPhase;
			buildActionMask = 2147483647;
			files = (
				2A0A3135837D20443E4E6B8A /* Pods_Project_ConceptTests.framework in Frameworks */,
			);
			runOnlyForDeploymentPostprocessing = 0;
		};
		18A93F6F24AB18BE008DD84F /* Frameworks */ = {
			isa = PBXFrameworksBuildPhase;
			buildActionMask = 2147483647;
			files = (
			);
			runOnlyForDeploymentPostprocessing = 0;
		};
/* End PBXFrameworksBuildPhase section */

/* Begin PBXGroup section */
		18A93F4824AB1895008DD84F = {
			isa = PBXGroup;
			children = (
				18A93F5324AB1896008DD84F /* Project_Concept */,
				18A93F6A24AB18BE008DD84F /* Project_ConceptTests */,
				18A93F7524AB18BE008DD84F /* Project_ConceptUITests */,
				18A93F5224AB1896008DD84F /* Products */,
				9227BC47828F852466B95F20 /* Pods */,
				75CB5A3EBE7E79EA3EB0CCC2 /* Frameworks */,
			);
			sourceTree = "<group>";
		};
		18A93F5224AB1896008DD84F /* Products */ = {
			isa = PBXGroup;
			children = (
				18A93F5124AB1896008DD84F /* Project_Concept.app */,
				18A93F6724AB18BE008DD84F /* Project_ConceptTests.xctest */,
				18A93F7224AB18BE008DD84F /* Project_ConceptUITests.xctest */,
			);
			name = Products;
			sourceTree = "<group>";
		};
		18A93F5324AB1896008DD84F /* Project_Concept */ = {
			isa = PBXGroup;
			children = (
				18A93FAA24AB5F74008DD84F /* Observable */,
				18A93FA724AB5D22008DD84F /* ViewModel */,
				18A93F9924AB3ECE008DD84F /* ViewController */,
				18A93F9424AB3B79008DD84F /* Extensions */,
				18A93F8824AB297E008DD84F /* GlobalConstant */,
				18A93F8724AB1A96008DD84F /* Manager */,
				18A93F8624AB1A8D008DD84F /* ModelView */,
				18A93F8524AB1A86008DD84F /* View */,
				18A93F8424AB1A7E008DD84F /* Model */,
				18A93F5424AB1896008DD84F /* AppDelegate.swift */,
				18A93F5624AB1896008DD84F /* SceneDelegate.swift */,
				18A93F5824AB1896008DD84F /* ViewController.swift */,
				18A93F5A24AB1897008DD84F /* Main.storyboard */,
				18A93F5D24AB18BD008DD84F /* Assets.xcassets */,
				18A93F5F24AB18BD008DD84F /* LaunchScreen.storyboard */,
				18A93F6224AB18BD008DD84F /* Info.plist */,
			);
			path = Project_Concept;
			sourceTree = "<group>";
		};
		18A93F6A24AB18BE008DD84F /* Project_ConceptTests */ = {
			isa = PBXGroup;
			children = (
				18A93F6B24AB18BE008DD84F /* Project_ConceptTests.swift */,
				18A93F6D24AB18BE008DD84F /* Info.plist */,
			);
			path = Project_ConceptTests;
			sourceTree = "<group>";
		};
		18A93F7524AB18BE008DD84F /* Project_ConceptUITests */ = {
			isa = PBXGroup;
			children = (
				18A93F7624AB18BE008DD84F /* Project_ConceptUITests.swift */,
				18A93F7824AB18BE008DD84F /* Info.plist */,
			);
			path = Project_ConceptUITests;
			sourceTree = "<group>";
		};
		18A93F8424AB1A7E008DD84F /* Model */ = {
			isa = PBXGroup;
			children = (
				18A93F9724AB3D4F008DD84F /* UserContent.swift */,
			);
			path = Model;
			sourceTree = "<group>";
		};
		18A93F8524AB1A86008DD84F /* View */ = {
			isa = PBXGroup;
			children = (
				18A93FAF24AB6076008DD84F /* UserContentListTableViewCell.swift */,
			);
			path = View;
			sourceTree = "<group>";
		};
		18A93F8624AB1A8D008DD84F /* ModelView */ = {
			isa = PBXGroup;
			children = (
			);
			path = ModelView;
			sourceTree = "<group>";
		};
		18A93F8724AB1A96008DD84F /* Manager */ = {
			isa = PBXGroup;
			children = (
				18A93F9024AB3AC5008DD84F /* AppManager.swift */,
			);
			path = Manager;
			sourceTree = "<group>";
		};
		18A93F8824AB297E008DD84F /* GlobalConstant */ = {
			isa = PBXGroup;
			children = (
				18A93F9224AB3AED008DD84F /* Constant.swift */,
			);
			path = GlobalConstant;
			sourceTree = "<group>";
		};
		18A93F9424AB3B79008DD84F /* Extensions */ = {
			isa = PBXGroup;
			children = (
				18A93F9524AB3B9C008DD84F /* LoaderExtension.swift */,
			);
			path = Extensions;
			sourceTree = "<group>";
		};
		18A93F9924AB3ECE008DD84F /* ViewController */ = {
			isa = PBXGroup;
			children = (
				18A93F9D24AB3F3B008DD84F /* UserContentViewController */,
				18A93F9C24AB3F1F008DD84F /* BaseController */,
			);
			path = ViewController;
			sourceTree = "<group>";
		};
		18A93F9C24AB3F1F008DD84F /* BaseController */ = {
			isa = PBXGroup;
			children = (
				18A93F9A24AB3F16008DD84F /* BaseViewController.swift */,
			);
			path = BaseController;
			sourceTree = "<group>";
		};
		18A93F9D24AB3F3B008DD84F /* UserContentViewController */ = {
			isa = PBXGroup;
			children = (
				18A93FA524AB5227008DD84F /* UserContentViewController.swift */,
			);
			path = UserContentViewController;
			sourceTree = "<group>";
		};
		18A93FA724AB5D22008DD84F /* ViewModel */ = {
			isa = PBXGroup;
			children = (
				18A93FA824AB5F47008DD84F /* UserContentViewModel.swift */,
				18A93FAD24AB600B008DD84F /* CellViewModel.swift */,
			);
			path = ViewModel;
			sourceTree = "<group>";
		};
		18A93FAA24AB5F74008DD84F /* Observable */ = {
			isa = PBXGroup;
			children = (
				18A93FAB24AB5FA4008DD84F /* Observable.swift */,
			);
			path = Observable;
			sourceTree = "<group>";
		};
		75CB5A3EBE7E79EA3EB0CCC2 /* Frameworks */ = {
			isa = PBXGroup;
			children = (
				4F23B12E5077D1EEB98F7013 /* Pods_Project_Concept.framework */,
				AD69B765227C9C5BAC38BC41 /* Pods_Project_ConceptTests.framework */,
			);
			name = Frameworks;
			sourceTree = "<group>";
		};
		9227BC47828F852466B95F20 /* Pods */ = {
			isa = PBXGroup;
			children = (
				D62CCAB8ABB0C2CEFA3F6D7E /* Pods-Project_Concept.debug.xcconfig */,
				5A023C50FFD6D5458666BEF9 /* Pods-Project_Concept.release.xcconfig */,
				04A7A9A184D5B942A49698EF /* Pods-Project_ConceptTests.debug.xcconfig */,
				A027490E01F95E28D0B336DB /* Pods-Project_ConceptTests.release.xcconfig */,
			);
			path = Pods;
			sourceTree = "<group>";
		};
/* End PBXGroup section */

/* Begin PBXNativeTarget section */
		18A93F5024AB1896008DD84F /* Project_Concept */ = {
			isa = PBXNativeTarget;
			buildConfigurationList = 18A93F7B24AB18BE008DD84F /* Build configuration list for PBXNativeTarget "Project_Concept" */;
			buildPhases = (
				FAAB33C0FB1B04123C54248C /* [CP] Check Pods Manifest.lock */,
				18A93F4D24AB1896008DD84F /* Sources */,
				18A93F4E24AB1896008DD84F /* Frameworks */,
				18A93F4F24AB1896008DD84F /* Resources */,
				932DD9452846E0DCD717A611 /* [CP] Embed Pods Frameworks */,
			);
			buildRules = (
			);
			dependencies = (
			);
			name = Project_Concept;
			productName = Project_Concept;
			productReference = 18A93F5124AB1896008DD84F /* Project_Concept.app */;
			productType = "com.apple.product-type.application";
		};
		18A93F6624AB18BE008DD84F /* Project_ConceptTests */ = {
			isa = PBXNativeTarget;
			buildConfigurationList = 18A93F7E24AB18BE008DD84F /* Build configuration list for PBXNativeTarget "Project_ConceptTests" */;
			buildPhases = (
				5E00E687C7B72E97F17C4CE6 /* [CP] Check Pods Manifest.lock */,
				18A93F6324AB18BE008DD84F /* Sources */,
				18A93F6424AB18BE008DD84F /* Frameworks */,
				18A93F6524AB18BE008DD84F /* Resources */,
			);
			buildRules = (
			);
			dependencies = (
				18A93F6924AB18BE008DD84F /* PBXTargetDependency */,
			);
			name = Project_ConceptTests;
			productName = Project_ConceptTests;
			productReference = 18A93F6724AB18BE008DD84F /* Project_ConceptTests.xctest */;
			productType = "com.apple.product-type.bundle.unit-test";
		};
		18A93F7124AB18BE008DD84F /* Project_ConceptUITests */ = {
			isa = PBXNativeTarget;
			buildConfigurationList = 18A93F8124AB18BE008DD84F /* Build configuration list for PBXNativeTarget "Project_ConceptUITests" */;
			buildPhases = (
				18A93F6E24AB18BE008DD84F /* Sources */,
				18A93F6F24AB18BE008DD84F /* Frameworks */,
				18A93F7024AB18BE008DD84F /* Resources */,
			);
			buildRules = (
			);
			dependencies = (
				18A93F7424AB18BE008DD84F /* PBXTargetDependency */,
			);
			name = Project_ConceptUITests;
			productName = Project_ConceptUITests;
			productReference = 18A93F7224AB18BE008DD84F /* Project_ConceptUITests.xctest */;
			productType = "com.apple.product-type.bundle.ui-testing";
		};
/* End PBXNativeTarget section */

/* Begin PBXProject section */
		18A93F4924AB1896008DD84F /* Project object */ = {
			isa = PBXProject;
			attributes = {
				LastSwiftUpdateCheck = 1150;
				LastUpgradeCheck = 1150;
				ORGANIZATIONNAME = Apple;
				TargetAttributes = {
					18A93F5024AB1896008DD84F = {
						CreatedOnToolsVersion = 11.5;
					};
					18A93F6624AB18BE008DD84F = {
						CreatedOnToolsVersion = 11.5;
						TestTargetID = 18A93F5024AB1896008DD84F;
					};
					18A93F7124AB18BE008DD84F = {
						CreatedOnToolsVersion = 11.5;
						TestTargetID = 18A93F5024AB1896008DD84F;
					};
				};
			};
			buildConfigurationList = 18A93F4C24AB1896008DD84F /* Build configuration list for PBXProject "Project_Concept" */;
			compatibilityVersion = "Xcode 9.3";
			developmentRegion = en;
			hasScannedForEncodings = 0;
			knownRegions = (
				en,
				Base,
			);
			mainGroup = 18A93F4824AB1895008DD84F;
			productRefGroup = 18A93F5224AB1896008DD84F /* Products */;
			projectDirPath = "";
			projectRoot = "";
			targets = (
				18A93F5024AB1896008DD84F /* Project_Concept */,
				18A93F6624AB18BE008DD84F /* Project_ConceptTests */,
				18A93F7124AB18BE008DD84F /* Project_ConceptUITests */,
			);
		};
/* End PBXProject section */

/* Begin PBXResourcesBuildPhase section */
		18A93F4F24AB1896008DD84F /* Resources */ = {
			isa = PBXResourcesBuildPhase;
			buildActionMask = 2147483647;
			files = (
				18A93F6124AB18BD008DD84F /* LaunchScreen.storyboard in Resources */,
				18A93F5E24AB18BD008DD84F /* Assets.xcassets in Resources */,
				18A93F5C24AB1897008DD84F /* Main.storyboard in Resources */,
			);
			runOnlyForDeploymentPostprocessing = 0;
		};
		18A93F6524AB18BE008DD84F /* Resources */ = {
			isa = PBXResourcesBuildPhase;
			buildActionMask = 2147483647;
			files = (
			);
			runOnlyForDeploymentPostprocessing = 0;
		};
		18A93F7024AB18BE008DD84F /* Resources */ = {
			isa = PBXResourcesBuildPhase;
			buildActionMask = 2147483647;
			files = (
			);
			runOnlyForDeploymentPostprocessing = 0;
		};
/* End PBXResourcesBuildPhase section */

/* Begin PBXShellScriptBuildPhase section */
		5E00E687C7B72E97F17C4CE6 /* [CP] Check Pods Manifest.lock */ = {
			isa = PBXShellScriptBuildPhase;
			buildActionMask = 2147483647;
			files = (
			);
			inputFileListPaths = (
			);
			inputPaths = (
				"${PODS_PODFILE_DIR_PATH}/Podfile.lock",
				"${PODS_ROOT}/Manifest.lock",
			);
			name = "[CP] Check Pods Manifest.lock";
			outputFileListPaths = (
			);
			outputPaths = (
				"$(DERIVED_FILE_DIR)/Pods-Project_ConceptTests-checkManifestLockResult.txt",
			);
			runOnlyForDeploymentPostprocessing = 0;
			shellPath = /bin/sh;
			shellScript = "diff \"${PODS_PODFILE_DIR_PATH}/Podfile.lock\" \"${PODS_ROOT}/Manifest.lock\" > /dev/null\nif [ $? != 0 ] ; then\n    # print error to STDERR\n    echo \"error: The sandbox is not in sync with the Podfile.lock. Run 'pod install' or update your CocoaPods installation.\" >&2\n    exit 1\nfi\n# This output is used by Xcode 'outputs' to avoid re-running this script phase.\necho \"SUCCESS\" > \"${SCRIPT_OUTPUT_FILE_0}\"\n";
			showEnvVarsInLog = 0;
		};
		932DD9452846E0DCD717A611 /* [CP] Embed Pods Frameworks */ = {
			isa = PBXShellScriptBuildPhase;
			buildActionMask = 2147483647;
			files = (
			);
			inputFileListPaths = (
				"${PODS_ROOT}/Target Support Files/Pods-Project_Concept/Pods-Project_Concept-frameworks-${CONFIGURATION}-input-files.xcfilelist",
			);
			name = "[CP] Embed Pods Frameworks";
			outputFileListPaths = (
				"${PODS_ROOT}/Target Support Files/Pods-Project_Concept/Pods-Project_Concept-frameworks-${CONFIGURATION}-output-files.xcfilelist",
			);
			runOnlyForDeploymentPostprocessing = 0;
			shellPath = /bin/sh;
			shellScript = "\"${PODS_ROOT}/Target Support Files/Pods-Project_Concept/Pods-Project_Concept-frameworks.sh\"\n";
			showEnvVarsInLog = 0;
		};
		FAAB33C0FB1B04123C54248C /* [CP] Check Pods Manifest.lock */ = {
			isa = PBXShellScriptBuildPhase;
			buildActionMask = 2147483647;
			files = (
			);
			inputFileListPaths = (
			);
			inputPaths = (
				"${PODS_PODFILE_DIR_PATH}/Podfile.lock",
				"${PODS_ROOT}/Manifest.lock",
			);
			name = "[CP] Check Pods Manifest.lock";
			outputFileListPaths = (
			);
			outputPaths = (
				"$(DERIVED_FILE_DIR)/Pods-Project_Concept-checkManifestLockResult.txt",
			);
			runOnlyForDeploymentPostprocessing = 0;
			shellPath = /bin/sh;
			shellScript = "diff \"${PODS_PODFILE_DIR_PATH}/Podfile.lock\" \"${PODS_ROOT}/Manifest.lock\" > /dev/null\nif [ $? != 0 ] ; then\n    # print error to STDERR\n    echo \"error: The sandbox is not in sync with the Podfile.lock. Run 'pod install' or update your CocoaPods installation.\" >&2\n    exit 1\nfi\n# This output is used by Xcode 'outputs' to avoid re-running this script phase.\necho \"SUCCESS\" > \"${SCRIPT_OUTPUT_FILE_0}\"\n";
			showEnvVarsInLog = 0;
		};
/* End PBXShellScriptBuildPhase section */

/* Begin PBXSourcesBuildPhase section */
		18A93F4D24AB1896008DD84F /* Sources */ = {
			isa = PBXSourcesBuildPhase;
			buildActionMask = 2147483647;
			files = (
				18A93FAC24AB5FA4008DD84F /* Observable.swift in Sources */,
				18A93FA624AB5227008DD84F /* UserContentViewController.swift in Sources */,
				18A93F9824AB3D4F008DD84F /* UserContent.swift in Sources */,
				18A93FB024AB6076008DD84F /* UserContentListTableViewCell.swift in Sources */,
				18A93F5924AB1896008DD84F /* ViewController.swift in Sources */,
				18A93F9124AB3AC5008DD84F /* AppManager.swift in Sources */,
				18A93F9624AB3B9C008DD84F /* LoaderExtension.swift in Sources */,
				18A93F5524AB1896008DD84F /* AppDelegate.swift in Sources */,
				18A93F9B24AB3F16008DD84F /* BaseViewController.swift in Sources */,
				18A93FA924AB5F47008DD84F /* UserContentViewModel.swift in Sources */,
				18A93F5724AB1896008DD84F /* SceneDelegate.swift in Sources */,
				18A93FAE24AB600B008DD84F /* CellViewModel.swift in Sources */,
				18A93F9324AB3AED008DD84F /* Constant.swift in Sources */,
			);
			runOnlyForDeploymentPostprocessing = 0;
		};
		18A93F6324AB18BE008DD84F /* Sources */ = {
			isa = PBXSourcesBuildPhase;
			buildActionMask = 2147483647;
			files = (
				18A93F6C24AB18BE008DD84F /* Project_ConceptTests.swift in Sources */,
			);
			runOnlyForDeploymentPostprocessing = 0;
		};
		18A93F6E24AB18BE008DD84F /* Sources */ = {
			isa = PBXSourcesBuildPhase;
			buildActionMask = 2147483647;
			files = (
				18A93F7724AB18BE008DD84F /* Project_ConceptUITests.swift in Sources */,
			);
			runOnlyForDeploymentPostprocessing = 0;
		};
/* End PBXSourcesBuildPhase section */

/* Begin PBXTargetDependency section */
		18A93F6924AB18BE008DD84F /* PBXTargetDependency */ = {
			isa = PBXTargetDependency;
			target = 18A93F5024AB1896008DD84F /* Project_Concept */;
			targetProxy = 18A93F6824AB18BE008DD84F /* PBXContainerItemProxy */;
		};
		18A93F7424AB18BE008DD84F /* PBXTargetDependency */ = {
			isa = PBXTargetDependency;
			target = 18A93F5024AB1896008DD84F /* Project_Concept */;
			targetProxy = 18A93F7324AB18BE008DD84F /* PBXContainerItemProxy */;
		};
/* End PBXTargetDependency section */

/* Begin PBXVariantGroup section */
		18A93F5A24AB1897008DD84F /* Main.storyboard */ = {
			isa = PBXVariantGroup;
			children = (
				18A93F5B24AB1897008DD84F /* Base */,
			);
			name = Main.storyboard;
			sourceTree = "<group>";
		};
		18A93F5F24AB18BD008DD84F /* LaunchScreen.storyboard */ = {
			isa = PBXVariantGroup;
			children = (
				18A93F6024AB18BD008DD84F /* Base */,
			);
			name = LaunchScreen.storyboard;
			sourceTree = "<group>";
		};
/* End PBXVariantGroup section */

/* Begin XCBuildConfiguration section */
		18A93F7924AB18BE008DD84F /* Debug */ = {
			isa = XCBuildConfiguration;
			buildSettings = {
				ALWAYS_SEARCH_USER_PATHS = NO;
				CLANG_ANALYZER_NONNULL = YES;
				CLANG_ANALYZER_NUMBER_OBJECT_CONVERSION = YES_AGGRESSIVE;
				CLANG_CXX_LANGUAGE_STANDARD = "gnu++14";
				CLANG_CXX_LIBRARY = "libc++";
				CLANG_ENABLE_MODULES = YES;
				CLANG_ENABLE_OBJC_ARC = YES;
				CLANG_ENABLE_OBJC_WEAK = YES;
				CLANG_WARN_BLOCK_CAPTURE_AUTORELEASING = YES;
				CLANG_WARN_BOOL_CONVERSION = YES;
				CLANG_WARN_COMMA = YES;
				CLANG_WARN_CONSTANT_CONVERSION = YES;
				CLANG_WARN_DEPRECATED_OBJC_IMPLEMENTATIONS = YES;
				CLANG_WARN_DIRECT_OBJC_ISA_USAGE = YES_ERROR;
				CLANG_WARN_DOCUMENTATION_COMMENTS = YES;
				CLANG_WARN_EMPTY_BODY = YES;
				CLANG_WARN_ENUM_CONVERSION = YES;
				CLANG_WARN_INFINITE_RECURSION = YES;
				CLANG_WARN_INT_CONVERSION = YES;
				CLANG_WARN_NON_LITERAL_NULL_CONVERSION = YES;
				CLANG_WARN_OBJC_IMPLICIT_RETAIN_SELF = YES;
				CLANG_WARN_OBJC_LITERAL_CONVERSION = YES;
				CLANG_WARN_OBJC_ROOT_CLASS = YES_ERROR;
				CLANG_WARN_RANGE_LOOP_ANALYSIS = YES;
				CLANG_WARN_STRICT_PROTOTYPES = YES;
				CLANG_WARN_SUSPICIOUS_MOVE = YES;
				CLANG_WARN_UNGUARDED_AVAILABILITY = YES_AGGRESSIVE;
				CLANG_WARN_UNREACHABLE_CODE = YES;
				CLANG_WARN__DUPLICATE_METHOD_MATCH = YES;
				COPY_PHASE_STRIP = NO;
				DEBUG_INFORMATION_FORMAT = dwarf;
				ENABLE_STRICT_OBJC_MSGSEND = YES;
				ENABLE_TESTABILITY = YES;
				GCC_C_LANGUAGE_STANDARD = gnu11;
				GCC_DYNAMIC_NO_PIC = NO;
				GCC_NO_COMMON_BLOCKS = YES;
				GCC_OPTIMIZATION_LEVEL = 0;
				GCC_PREPROCESSOR_DEFINITIONS = (
					"DEBUG=1",
					"$(inherited)",
				);
				GCC_WARN_64_TO_32_BIT_CONVERSION = YES;
				GCC_WARN_ABOUT_RETURN_TYPE = YES_ERROR;
				GCC_WARN_UNDECLARED_SELECTOR = YES;
				GCC_WARN_UNINITIALIZED_AUTOS = YES_AGGRESSIVE;
				GCC_WARN_UNUSED_FUNCTION = YES;
				GCC_WARN_UNUSED_VARIABLE = YES;
				IPHONEOS_DEPLOYMENT_TARGET = 13.5;
				MTL_ENABLE_DEBUG_INFO = INCLUDE_SOURCE;
				MTL_FAST_MATH = YES;
				ONLY_ACTIVE_ARCH = YES;
				SDKROOT = iphoneos;
				SWIFT_ACTIVE_COMPILATION_CONDITIONS = DEBUG;
				SWIFT_OPTIMIZATION_LEVEL = "-Onone";
			};
			name = Debug;
		};
		18A93F7A24AB18BE008DD84F /* Release */ = {
			isa = XCBuildConfiguration;
			buildSettings = {
				ALWAYS_SEARCH_USER_PATHS = NO;
				CLANG_ANALYZER_NONNULL = YES;
				CLANG_ANALYZER_NUMBER_OBJECT_CONVERSION = YES_AGGRESSIVE;
				CLANG_CXX_LANGUAGE_STANDARD = "gnu++14";
				CLANG_CXX_LIBRARY = "libc++";
				CLANG_ENABLE_MODULES = YES;
				CLANG_ENABLE_OBJC_ARC = YES;
				CLANG_ENABLE_OBJC_WEAK = YES;
				CLANG_WARN_BLOCK_CAPTURE_AUTORELEASING = YES;
				CLANG_WARN_BOOL_CONVERSION = YES;
				CLANG_WARN_COMMA = YES;
				CLANG_WARN_CONSTANT_CONVERSION = YES;
				CLANG_WARN_DEPRECATED_OBJC_IMPLEMENTATIONS = YES;
				CLANG_WARN_DIRECT_OBJC_ISA_USAGE = YES_ERROR;
				CLANG_WARN_DOCUMENTATION_COMMENTS = YES;
				CLANG_WARN_EMPTY_BODY = YES;
				CLANG_WARN_ENUM_CONVERSION = YES;
				CLANG_WARN_INFINITE_RECURSION = YES;
				CLANG_WARN_INT_CONVERSION = YES;
				CLANG_WARN_NON_LITERAL_NULL_CONVERSION = YES;
				CLANG_WARN_OBJC_IMPLICIT_RETAIN_SELF = YES;
				CLANG_WARN_OBJC_LITERAL_CONVERSION = YES;
				CLANG_WARN_OBJC_ROOT_CLASS = YES_ERROR;
				CLANG_WARN_RANGE_LOOP_ANALYSIS = YES;
				CLANG_WARN_STRICT_PROTOTYPES = YES;
				CLANG_WARN_SUSPICIOUS_MOVE = YES;
				CLANG_WARN_UNGUARDED_AVAILABILITY = YES_AGGRESSIVE;
				CLANG_WARN_UNREACHABLE_CODE = YES;
				CLANG_WARN__DUPLICATE_METHOD_MATCH = YES;
				COPY_PHASE_STRIP = NO;
				DEBUG_INFORMATION_FORMAT = "dwarf-with-dsym";
				ENABLE_NS_ASSERTIONS = NO;
				ENABLE_STRICT_OBJC_MSGSEND = YES;
				GCC_C_LANGUAGE_STANDARD = gnu11;
				GCC_NO_COMMON_BLOCKS = YES;
				GCC_WARN_64_TO_32_BIT_CONVERSION = YES;
				GCC_WARN_ABOUT_RETURN_TYPE = YES_ERROR;
				GCC_WARN_UNDECLARED_SELECTOR = YES;
				GCC_WARN_UNINITIALIZED_AUTOS = YES_AGGRESSIVE;
				GCC_WARN_UNUSED_FUNCTION = YES;
				GCC_WARN_UNUSED_VARIABLE = YES;
				IPHONEOS_DEPLOYMENT_TARGET = 13.5;
				MTL_ENABLE_DEBUG_INFO = NO;
				MTL_FAST_MATH = YES;
				SDKROOT = iphoneos;
				SWIFT_COMPILATION_MODE = wholemodule;
				SWIFT_OPTIMIZATION_LEVEL = "-O";
				VALIDATE_PRODUCT = YES;
			};
			name = Release;
		};
		18A93F7C24AB18BE008DD84F /* Debug */ = {
			isa = XCBuildConfiguration;
			baseConfigurationReference = D62CCAB8ABB0C2CEFA3F6D7E /* Pods-Project_Concept.debug.xcconfig */;
			buildSettings = {
				ASSETCATALOG_COMPILER_APPICON_NAME = AppIcon;
				CODE_SIGN_STYLE = Automatic;
				DEVELOPMENT_TEAM = 4F43J5ED3X;
				INFOPLIST_FILE = Project_Concept/Info.plist;
				LD_RUNPATH_SEARCH_PATHS = (
					"$(inherited)",
					"@executable_path/Frameworks",
				);
				PRODUCT_BUNDLE_IDENTIFIER = "com.rupam.Project-Concept";
				PRODUCT_NAME = "$(TARGET_NAME)";
				SWIFT_VERSION = 5.0;
				TARGETED_DEVICE_FAMILY = "1,2";
			};
			name = Debug;
		};
		18A93F7D24AB18BE008DD84F /* Release */ = {
			isa = XCBuildConfiguration;
			baseConfigurationReference = 5A023C50FFD6D5458666BEF9 /* Pods-Project_Concept.release.xcconfig */;
			buildSettings = {
				ASSETCATALOG_COMPILER_APPICON_NAME = AppIcon;
				CODE_SIGN_STYLE = Automatic;
				DEVELOPMENT_TEAM = 4F43J5ED3X;
				INFOPLIST_FILE = Project_Concept/Info.plist;
				LD_RUNPATH_SEARCH_PATHS = (
					"$(inherited)",
					"@executable_path/Frameworks",
				);
				PRODUCT_BUNDLE_IDENTIFIER = "com.rupam.Project-Concept";
				PRODUCT_NAME = "$(TARGET_NAME)";
				SWIFT_VERSION = 5.0;
				TARGETED_DEVICE_FAMILY = "1,2";
			};
			name = Release;
		};
		18A93F7F24AB18BE008DD84F /* Debug */ = {
			isa = XCBuildConfiguration;
			baseConfigurationReference = 04A7A9A184D5B942A49698EF /* Pods-Project_ConceptTests.debug.xcconfig */;
			buildSettings = {
				ALWAYS_EMBED_SWIFT_STANDARD_LIBRARIES = YES;
				BUNDLE_LOADER = "$(TEST_HOST)";
				CODE_SIGN_STYLE = Automatic;
				DEVELOPMENT_TEAM = 4F43J5ED3X;
				INFOPLIST_FILE = Project_ConceptTests/Info.plist;
				IPHONEOS_DEPLOYMENT_TARGET = 13.5;
				LD_RUNPATH_SEARCH_PATHS = (
					"$(inherited)",
					"@executable_path/Frameworks",
					"@loader_path/Frameworks",
				);
				PRODUCT_BUNDLE_IDENTIFIER = "com.rupam.Project-ConceptTests";
				PRODUCT_NAME = "$(TARGET_NAME)";
				SWIFT_VERSION = 5.0;
				TARGETED_DEVICE_FAMILY = "1,2";
				TEST_HOST = "$(BUILT_PRODUCTS_DIR)/Project_Concept.app/Project_Concept";
			};
			name = Debug;
		};
		18A93F8024AB18BE008DD84F /* Release */ = {
			isa = XCBuildConfiguration;
			baseConfigurationReference = A027490E01F95E28D0B336DB /* Pods-Project_ConceptTests.release.xcconfig */;
			buildSettings = {
				ALWAYS_EMBED_SWIFT_STANDARD_LIBRARIES = YES;
				BUNDLE_LOADER = "$(TEST_HOST)";
				CODE_SIGN_STYLE = Automatic;
				DEVELOPMENT_TEAM = 4F43J5ED3X;
				INFOPLIST_FILE = Project_ConceptTests/Info.plist;
				IPHONEOS_DEPLOYMENT_TARGET = 13.5;
				LD_RUNPATH_SEARCH_PATHS = (
					"$(inherited)",
					"@executable_path/Frameworks",
					"@loader_path/Frameworks",
				);
				PRODUCT_BUNDLE_IDENTIFIER = "com.rupam.Project-ConceptTests";
				PRODUCT_NAME = "$(TARGET_NAME)";
				SWIFT_VERSION = 5.0;
				TARGETED_DEVICE_FAMILY = "1,2";
				TEST_HOST = "$(BUILT_PRODUCTS_DIR)/Project_Concept.app/Project_Concept";
			};
			name = Release;
		};
		18A93F8224AB18BE008DD84F /* Debug */ = {
			isa = XCBuildConfiguration;
			buildSettings = {
				ALWAYS_EMBED_SWIFT_STANDARD_LIBRARIES = YES;
				CODE_SIGN_STYLE = Automatic;
				DEVELOPMENT_TEAM = 4F43J5ED3X;
				INFOPLIST_FILE = Project_ConceptUITests/Info.plist;
				LD_RUNPATH_SEARCH_PATHS = (
					"$(inherited)",
					"@executable_path/Frameworks",
					"@loader_path/Frameworks",
				);
				PRODUCT_BUNDLE_IDENTIFIER = "com.rupam.Project-ConceptUITests";
				PRODUCT_NAME = "$(TARGET_NAME)";
				SWIFT_VERSION = 5.0;
				TARGETED_DEVICE_FAMILY = "1,2";
				TEST_TARGET_NAME = Project_Concept;
			};
			name = Debug;
		};
		18A93F8324AB18BE008DD84F /* Release */ = {
			isa = XCBuildConfiguration;
			buildSettings = {
				ALWAYS_EMBED_SWIFT_STANDARD_LIBRARIES = YES;
				CODE_SIGN_STYLE = Automatic;
				DEVELOPMENT_TEAM = 4F43J5ED3X;
				INFOPLIST_FILE = Project_ConceptUITests/Info.plist;
				LD_RUNPATH_SEARCH_PATHS = (
					"$(inherited)",
					"@executable_path/Frameworks",
					"@loader_path/Frameworks",
				);
				PRODUCT_BUNDLE_IDENTIFIER = "com.rupam.Project-ConceptUITests";
				PRODUCT_NAME = "$(TARGET_NAME)";
				SWIFT_VERSION = 5.0;
				TARGETED_DEVICE_FAMILY = "1,2";
				TEST_TARGET_NAME = Project_Concept;
			};
			name = Release;
		};
/* End XCBuildConfiguration section */

/* Begin XCConfigurationList section */
		18A93F4C24AB1896008DD84F /* Build configuration list for PBXProject "Project_Concept" */ = {
			isa = XCConfigurationList;
			buildConfigurations = (
				18A93F7924AB18BE008DD84F /* Debug */,
				18A93F7A24AB18BE008DD84F /* Release */,
			);
			defaultConfigurationIsVisible = 0;
			defaultConfigurationName = Release;
		};
		18A93F7B24AB18BE008DD84F /* Build configuration list for PBXNativeTarget "Project_Concept" */ = {
			isa = XCConfigurationList;
			buildConfigurations = (
				18A93F7C24AB18BE008DD84F /* Debug */,
				18A93F7D24AB18BE008DD84F /* Release */,
			);
			defaultConfigurationIsVisible = 0;
			defaultConfigurationName = Release;
		};
		18A93F7E24AB18BE008DD84F /* Build configuration list for PBXNativeTarget "Project_ConceptTests" */ = {
			isa = XCConfigurationList;
			buildConfigurations = (
				18A93F7F24AB18BE008DD84F /* Debug */,
				18A93F8024AB18BE008DD84F /* Release */,
			);
			defaultConfigurationIsVisible = 0;
			defaultConfigurationName = Release;
		};
		18A93F8124AB18BE008DD84F /* Build configuration list for PBXNativeTarget "Project_ConceptUITests" */ = {
			isa = XCConfigurationList;
			buildConfigurations = (
				18A93F8224AB18BE008DD84F /* Debug */,
				18A93F8324AB18BE008DD84F /* Release */,
			);
			defaultConfigurationIsVisible = 0;
			defaultConfigurationName = Release;
		};
/* End XCConfigurationList section */
	};
	rootObject = 18A93F4924AB1896008DD84F /* Project object */;
}
